golang.org/x/net v0.0.0-20181017193950-04a2e542c03f h1:4pRM7zYwpBjCnfA1jRmhItLxYJkaEnsmuAcRtA347DA=
golang.org/x/net v0.0.0-20181017193950-04a2e542c03f/go.mod h1:mL1N/T3taQHkDXs73rZJwtUhF3w3ftmwwsq0BUmARs4=
google.golang.org/api v0.0.0-20181019000435-7fb5a8353b60 h1:1oPMeNcjxnRJcJACdPp5uYMTktTK+QpZ105LM2hZUtU=
google.golang.org/api v0.0.0-20181019000435-7fb5a8353b60/go.mod h1:4mhQ8q/RsB7i+udVvVy5NUi08OU8ZlA0gRVgrF7VFY0=
